{
  "name": "xjmvvm-docs",
  "version": "0.1.0",
  "lockfileVersion": 3,
  "requires": true,
  "packages": {
    "": {
      "name": "xjmvvm-docs",
      "version": "0.1.0",
      "dependencies": {
        "@fontsource/ibm-plex-mono": "^5.2.7",
        "@fontsource/noto-sans-thai": "^5.2.8",
        "@fontsource/noto-sans-thai-looped": "^5.2.10"
      },
      "devDependencies": {
        "highlight.js": "11.10.0",
        "marked": "18.0.6"
      }
    },
    "node_modules/@fontsource/ibm-plex-mono": {
      "version": "5.2.7",
      "resolved": "https://registry.npmjs.org/@fontsource/ibm-plex-mono/-/ibm-plex-mono-5.2.7.tgz",
      "integrity": "sha512-MKAb8qV+CaiMQn2B0dIi1OV3565NYzp3WN5b4oT6LTkk+F0jR6j0ZN+5BKJiIhffDC3rtBULsYZE65+0018z9w==",
      "license": "OFL-1.1",
      "funding": {
        "url": "https://github.com/sponsors/ayuhito"
      }
    },
    "node_modules/@fontsource/noto-sans-thai": {
      "version": "5.2.8",
      "resolved": "https://registry.npmjs.org/@fontsource/noto-sans-thai/-/noto-sans-thai-5.2.8.tgz",
      "integrity": "sha512-HUQAxOzclod9PXQx4uMoGRAsor+64snW91QuBg39jT9lbsp7jJx1i3jAtHPJ7mQxHEHnhRjNp54fb8GqPPC6zg==",
      "license": "OFL-1.1",
      "funding": {
        "url": "https://github.com/sponsors/ayuhito"
      }
    },
    "node_modules/@fontsource/noto-sans-thai-looped": {
      "version": "5.2.10",
      "resolved": "https://registry.npmjs.org/@fontsource/noto-sans-thai-looped/-/noto-sans-thai-looped-5.2.10.tgz",
      "integrity": "sha512-ME8xTUCXqDJpeM2/2+vsO5cEuvxYzE7AfHVgm/Fu48dXjg7Zoc3hoa8FKMhkvVj8U0rx4AG2kp/TGWEhfcBpog==",
      "license": "OFL-1.1",
      "funding": {
        "url": "https://github.com/sponsors/ayuhito"
      }
    },
    "node_modules/highlight.js": {
      "version": "11.10.0",
      "resolved": "https://registry.npmjs.org/highlight.js/-/highlight.js-11.10.0.tgz",
      "integrity": "sha512-SYVnVFswQER+zu1laSya563s+F8VDGt7o35d4utbamowvUNLLMovFqwCLSocpZTz3MgaSRA1IbqRWZv97dtErQ==",
      "dev": true,
      "license": "BSD-3-Clause",
      "engines": {
        "node": ">=12.0.0"
      }
    },
    "node_modules/marked": {
      "version": "18.0.6",
      "resolved": "https://registry.npmjs.org/marked/-/marked-18.0.6.tgz",
      "integrity": "sha512-MrV5puXBfuiy6wl6DLaq3BtIJQAJToAd5zt/ZKhRfGRAuFPALE7/4Y7jnxRQoEgK/pBgurGqLyAuRgZ2xOjr6w==",
      "dev": true,
      "license": "MIT",
      "bin": {
        "marked": "bin/marked.js"
      },
      "engines": {
        "node": ">= 20"
      }
    }
  }
}
